
Microsoft Visual Studio Solution File, Format Version 12.00
# Visual Studio Version 17
VisualStudioVersion = 17.0.32112.339
MinimumVisualStudioVersion = 10.0.40219.1
Project("{FAE04EC0-301F-11D3-BF4B-00C04F79EFBC}") = "MyShop.Core", "MyShop.Core\MyShop.Core.csproj", "{E5471CC8-EC99-407A-B444-D48F7CC4656D}"
EndProject
Project("{FAE04EC0-301F-11D3-BF4B-00C04F79EFBC}") = "MyShop.Services", "MyShop.Services\MyShop.Services.csproj", "{2928367D-85CC-4ADC-8C32-B7CF26336487}"
EndProject
Project("{FAE04EC0-301F-11D3-BF4B-00C04F79EFBC}") = "MyShop.DataAccess.SQL", "MyShop.DataAccess.SQL\MyShop.DataAccess.SQL.csproj", "{006716DA-7434-433C-A32C-C54485F2A751}"
EndProject
Project("{FAE04EC0-301F-11D3-BF4B-00C04F79EFBC}") = "MyShop.DataAccess.InMemory", "MyShop.DataAccess.InMemory\MyShop.DataAccess.InMemory.csproj", "{B26D4662-3B9B-4ACF-AD67-36A8B7B45E4C}"
EndProject
Project("{FAE04EC0-301F-11D3-BF4B-00C04F79EFBC}") = "MyShop.WebUI", "MyShop.WebUI\MyShop.WebUI.csproj", "{4BFC0350-8B15-4A29-9576-056D470D8509}"
EndProject
Project("{FAE04EC0-301F-11D3-BF4B-00C04F79EFBC}") = "MyShop.WebUI.Tests", "MyShop.WebUI.Tests\MyShop.WebUI.Tests.csproj", "{907114D2-1B45-41BC-AFA5-7B936E7A06EC}"
EndProject
Global
	GlobalSection(SolutionConfigurationPlatforms) = preSolution
		Debug|Any CPU = Debug|Any CPU
		Release|Any CPU = Release|Any CPU
	EndGlobalSection
	GlobalSection(ProjectConfigurationPlatforms) = postSolution
		{E5471CC8-EC99-407A-B444-D48F7CC4656D}.Debug|Any CPU.ActiveCfg = Debug|Any CPU
		{E5471CC8-EC99-407A-B444-D48F7CC4656D}.Debug|Any CPU.Build.0 = Debug|Any CPU
		{E5471CC8-EC99-407A-B444-D48F7CC4656D}.Release|Any CPU.ActiveCfg = Release|Any CPU
		{E5471CC8-EC99-407A-B444-D48F7CC4656D}.Release|Any CPU.Build.0 = Release|Any CPU
		{2928367D-85CC-4ADC-8C32-B7CF26336487}.Debug|Any CPU.ActiveCfg = Debug|Any CPU
		{2928367D-85CC-4ADC-8C32-B7CF26336487}.Debug|Any CPU.Build.0 = Debug|Any CPU
		{2928367D-85CC-4ADC-8C32-B7CF26336487}.Release|Any CPU.ActiveCfg = Release|Any CPU
		{2928367D-85CC-4ADC-8C32-B7CF26336487}.Release|Any CPU.Build.0 = Release|Any CPU
		{006716DA-7434-433C-A32C-C54485F2A751}.Debug|Any CPU.ActiveCfg = Debug|Any CPU
		{006716DA-7434-433C-A32C-C54485F2A751}.Debug|Any CPU.Build.0 = Debug|Any CPU
		{006716DA-7434-433C-A32C-C54485F2A751}.Release|Any CPU.ActiveCfg = Release|Any CPU
		{006716DA-7434-433C-A32C-C54485F2A751}.Release|Any CPU.Build.0 = Release|Any CPU
		{B26D4662-3B9B-4ACF-AD67-36A8B7B45E4C}.Debug|Any CPU.ActiveCfg = Debug|Any CPU
		{B26D4662-3B9B-4ACF-AD67-36A8B7B45E4C}.Debug|Any CPU.Build.0 = Debug|Any CPU
		{B26D4662-3B9B-4ACF-AD67-36A8B7B45E4C}.Release|Any CPU.ActiveCfg = Release|Any CPU
		{B26D4662-3B9B-4ACF-AD67-36A8B7B45E4C}.Release|Any CPU.Build.0 = Release|Any CPU
		{4BFC0350-8B15-4A29-9576-056D470D8509}.Debug|Any CPU.ActiveCfg = Debug|Any CPU
		{4BFC0350-8B15-4A29-9576-056D470D8509}.Debug|Any CPU.Build.0 = Debug|Any CPU
		{4BFC0350-8B15-4A29-9576-056D470D8509}.Release|Any CPU.ActiveCfg = Release|Any CPU
		{4BFC0350-8B15-4A29-9576-056D470D8509}.Release|Any CPU.Build.0 = Release|Any CPU
		{907114D2-1B45-41BC-AFA5-7B936E7A06EC}.Debug|Any CPU.ActiveCfg = Debug|Any CPU
		{907114D2-1B45-41BC-AFA5-7B936E7A06EC}.Debug|Any CPU.Build.0 = Debug|Any CPU
		{907114D2-1B45-41BC-AFA5-7B936E7A06EC}.Release|Any CPU.ActiveCfg = Release|Any CPU
		{907114D2-1B45-41BC-AFA5-7B936E7A06EC}.Release|Any CPU.Build.0 = Release|Any CPU
	EndGlobalSection
	GlobalSection(SolutionProperties) = preSolution
		HideSolutionNode = FALSE
	EndGlobalSection
	GlobalSection(ExtensibilityGlobals) = postSolution
		SolutionGuid = {C24FD19F-C503-4B35-B7BF-B3913AAFDAC4}
	EndGlobalSection
EndGlobal
